// !$*UTF8*$!
{
	archiveVersion = 1;
	classes = {
	};
	objectVersion = 50;
	objects = {

/* Begin PBXBuildFile section */
		7C03F7B2241F9D78009204A1 /* AppDelegate.swift in Sources */ = {isa = PBXBuildFile; fileRef = 7C03F7B1241F9D78009204A1 /* AppDelegate.swift */; };
		7C03F7B4241F9D78009204A1 /* SceneDelegate.swift in Sources */ = {isa = PBXBuildFile; fileRef = 7C03F7B3241F9D78009204A1 /* SceneDelegate.swift */; };
		7C03F7B6241F9D78009204A1 /* MVPViewController.swift in Sources */ = {isa = PBXBuildFile; fileRef = 7C03F7B5241F9D78009204A1 /* MVPViewController.swift */; };
		7C03F7B9241F9D78009204A1 /* Main.storyboard in Resources */ = {isa = PBXBuildFile; fileRef = 7C03F7B7241F9D78009204A1 /* Main.storyboard */; };
		7C03F7BB241F9D79009204A1 /* Assets.xcassets in Resources */ = {isa = PBXBuildFile; fileRef = 7C03F7BA241F9D79009204A1 /* Assets.xcassets */; };
		7C03F7BE241F9D79009204A1 /* LaunchScreen.storyboard in Resources */ = {isa = PBXBuildFile; fileRef = 7C03F7BC241F9D79009204A1 /* LaunchScreen.storyboard */; };
		7C03F7C7241F9DD4009204A1 /* MVPPresenter.swift in Sources */ = {isa = PBXBuildFile; fileRef = 7C03F7C6241F9DD4009204A1 /* MVPPresenter.swift */; };
		7C03F7C9241F9DED009204A1 /* DataManager.swift in Sources */ = {isa = PBXBuildFile; fileRef = 7C03F7C8241F9DED009204A1 /* DataManager.swift */; };
		7C09CE54241F9F0200506FD5 /* MVPViewInput.swift in Sources */ = {isa = PBXBuildFile; fileRef = 7C09CE53241F9F0200506FD5 /* MVPViewInput.swift */; };
		7C09CE56241F9F2000506FD5 /* MVPViewOutput.swift in Sources */ = {isa = PBXBuildFile; fileRef = 7C09CE55241F9F2000506FD5 /* MVPViewOutput.swift */; };
		7C09CE5A241FA14A00506FD5 /* MVPAssembly.swift in Sources */ = {isa = PBXBuildFile; fileRef = 7C09CE59241FA14A00506FD5 /* MVPAssembly.swift */; };
		7C09CE5D241FA2F500506FD5 /* MVVMStoryboard.storyboard in Resources */ = {isa = PBXBuildFile; fileRef = 7C09CE5C241FA2F500506FD5 /* MVVMStoryboard.storyboard */; };
		7C09CE5F241FA30D00506FD5 /* MVVMViewController.swift in Sources */ = {isa = PBXBuildFile; fileRef = 7C09CE5E241FA30D00506FD5 /* MVVMViewController.swift */; };
		7C09CE61241FA32500506FD5 /* ViewModel.swift in Sources */ = {isa = PBXBuildFile; fileRef = 7C09CE60241FA32500506FD5 /* ViewModel.swift */; };
		7C09CE63241FA57200506FD5 /* MVVMAssembly.swift in Sources */ = {isa = PBXBuildFile; fileRef = 7C09CE62241FA57200506FD5 /* MVVMAssembly.swift */; };
		7C09CE66241FA6B500506FD5 /* ViperViewController.swift in Sources */ = {isa = PBXBuildFile; fileRef = 7C09CE65241FA6B500506FD5 /* ViperViewController.swift */; };
		7C09CE68241FA6C400506FD5 /* ViperViewInput.swift in Sources */ = {isa = PBXBuildFile; fileRef = 7C09CE67241FA6C400506FD5 /* ViperViewInput.swift */; };
		7C09CE6A241FA6CE00506FD5 /* ViperViewOutput.swift in Sources */ = {isa = PBXBuildFile; fileRef = 7C09CE69241FA6CE00506FD5 /* ViperViewOutput.swift */; };
		7C09CE6D241FA78E00506FD5 /* ViperPresenter.swift in Sources */ = {isa = PBXBuildFile; fileRef = 7C09CE6C241FA78E00506FD5 /* ViperPresenter.swift */; };
		7C09CE6F241FA79800506FD5 /* Interactor.swift in Sources */ = {isa = PBXBuildFile; fileRef = 7C09CE6E241FA79800506FD5 /* Interactor.swift */; };
		7C09CE71241FA7A500506FD5 /* InteractorInput.swift in Sources */ = {isa = PBXBuildFile; fileRef = 7C09CE70241FA7A500506FD5 /* InteractorInput.swift */; };
		7C09CE73241FA7AD00506FD5 /* InteractorOutput.swift in Sources */ = {isa = PBXBuildFile; fileRef = 7C09CE72241FA7AD00506FD5 /* InteractorOutput.swift */; };
		7C09CE78241FA7DB00506FD5 /* RouterInput.swift in Sources */ = {isa = PBXBuildFile; fileRef = 7C09CE77241FA7DB00506FD5 /* RouterInput.swift */; };
		7C09CE7A241FA7EC00506FD5 /* Router.swift in Sources */ = {isa = PBXBuildFile; fileRef = 7C09CE79241FA7EC00506FD5 /* Router.swift */; };
		7C09CE7C241FA8DA00506FD5 /* VIPERStoryboard.storyboard in Resources */ = {isa = PBXBuildFile; fileRef = 7C09CE7B241FA8DA00506FD5 /* VIPERStoryboard.storyboard */; };
		7C09CE7E241FAB7B00506FD5 /* VIPERAssembly.swift in Sources */ = {isa = PBXBuildFile; fileRef = 7C09CE7D241FAB7B00506FD5 /* VIPERAssembly.swift */; };
		7C09CE82241FAD4000506FD5 /* MainViewController.swift in Sources */ = {isa = PBXBuildFile; fileRef = 7C09CE81241FAD4000506FD5 /* MainViewController.swift */; };
		7C09CE84241FAD4A00506FD5 /* MainViewPresenter.swift in Sources */ = {isa = PBXBuildFile; fileRef = 7C09CE83241FAD4A00506FD5 /* MainViewPresenter.swift */; };
		7C09CE86241FADAD00506FD5 /* MainView.swift in Sources */ = {isa = PBXBuildFile; fileRef = 7C09CE85241FADAD00506FD5 /* MainView.swift */; };
		7C09CE88241FB29D00506FD5 /* MainModuleAssembly.swift in Sources */ = {isa = PBXBuildFile; fileRef = 7C09CE87241FB29D00506FD5 /* MainModuleAssembly.swift */; };
/* End PBXBuildFile section */

/* Begin PBXFileReference section */
		7C03F7AE241F9D78009204A1 /* PatternsLesson.app */ = {isa = PBXFileReference; explicitFileType = wrapper.application; includeInIndex = 0; path = PatternsLesson.app; sourceTree = BUILT_PRODUCTS_DIR; };
		7C03F7B1241F9D78009204A1 /* AppDelegate.swift */ = {isa = PBXFileReference; lastKnownFileType = sourcecode.swift; path = AppDelegate.swift; sourceTree = "<group>"; };
		7C03F7B3241F9D78009204A1 /* SceneDelegate.swift */ = {isa = PBXFileReference; lastKnownFileType = sourcecode.swift; path = SceneDelegate.swift; sourceTree = "<group>"; };
		7C03F7B5241F9D78009204A1 /* MVPViewController.swift */ = {isa = PBXFileReference; lastKnownFileType = sourcecode.swift; path = MVPViewController.swift; sourceTree = "<group>"; };
		7C03F7B8241F9D78009204A1 /* Base */ = {isa = PBXFileReference; lastKnownFileType = file.storyboard; name = Base; path = Base.lproj/Main.storyboard; sourceTree = "<group>"; };
		7C03F7BA241F9D79009204A1 /* Assets.xcassets */ = {isa = PBXFileReference; lastKnownFileType = folder.assetcatalog; path = Assets.xcassets; sourceTree = "<group>"; };
		7C03F7BD241F9D79009204A1 /* Base */ = {isa = PBXFileReference; lastKnownFileType = file.storyboard; name = Base; path = Base.lproj/LaunchScreen.storyboard; sourceTree = "<group>"; };
		7C03F7BF241F9D79009204A1 /* Info.plist */ = {isa = PBXFileReference; lastKnownFileType = text.plist.xml; path = Info.plist; sourceTree = "<group>"; };
		7C03F7C6241F9DD4009204A1 /* MVPPresenter.swift */ = {isa = PBXFileReference; lastKnownFileType = sourcecode.swift; path = MVPPresenter.swift; sourceTree = "<group>"; };
		7C03F7C8241F9DED009204A1 /* DataManager.swift */ = {isa = PBXFileReference; lastKnownFileType = sourcecode.swift; path = DataManager.swift; sourceTree = "<group>"; };
		7C09CE53241F9F0200506FD5 /* MVPViewInput.swift */ = {isa = PBXFileReference; lastKnownFileType = sourcecode.swift; path = MVPViewInput.swift; sourceTree = "<group>"; };
		7C09CE55241F9F2000506FD5 /* MVPViewOutput.swift */ = {isa = PBXFileReference; lastKnownFileType = sourcecode.swift; path = MVPViewOutput.swift; sourceTree = "<group>"; };
		7C09CE59241FA14A00506FD5 /* MVPAssembly.swift */ = {isa = PBXFileReference; lastKnownFileType = sourcecode.swift; path = MVPAssembly.swift; sourceTree = "<group>"; };
		7C09CE5C241FA2F500506FD5 /* MVVMStoryboard.storyboard */ = {isa = PBXFileReference; lastKnownFileType = file.storyboard; path = MVVMStoryboard.storyboard; sourceTree = "<group>"; };
		7C09CE5E241FA30D00506FD5 /* MVVMViewController.swift */ = {isa = PBXFileReference; lastKnownFileType = sourcecode.swift; path = MVVMViewController.swift; sourceTree = "<group>"; };
		7C09CE60241FA32500506FD5 /* ViewModel.swift */ = {isa = PBXFileReference; lastKnownFileType = sourcecode.swift; path = ViewModel.swift; sourceTree = "<group>"; };
		7C09CE62241FA57200506FD5 /* MVVMAssembly.swift */ = {isa = PBXFileReference; lastKnownFileType = sourcecode.swift; path = MVVMAssembly.swift; sourceTree = "<group>"; };
		7C09CE65241FA6B500506FD5 /* ViperViewController.swift */ = {isa = PBXFileReference; lastKnownFileType = sourcecode.swift; path = ViperViewController.swift; sourceTree = "<group>"; };
		7C09CE67241FA6C400506FD5 /* ViperViewInput.swift */ = {isa = PBXFileReference; lastKnownFileType = sourcecode.swift; path = ViperViewInput.swift; sourceTree = "<group>"; };
		7C09CE69241FA6CE00506FD5 /* ViperViewOutput.swift */ = {isa = PBXFileReference; lastKnownFileType = sourcecode.swift; path = ViperViewOutput.swift; sourceTree = "<group>"; };
		7C09CE6C241FA78E00506FD5 /* ViperPresenter.swift */ = {isa = PBXFileReference; lastKnownFileType = sourcecode.swift; path = ViperPresenter.swift; sourceTree = "<group>"; };
		7C09CE6E241FA79800506FD5 /* Interactor.swift */ = {isa = PBXFileReference; lastKnownFileType = sourcecode.swift; path = Interactor.swift; sourceTree = "<group>"; };
		7C09CE70241FA7A500506FD5 /* InteractorInput.swift */ = {isa = PBXFileReference; lastKnownFileType = sourcecode.swift; path = InteractorInput.swift; sourceTree = "<group>"; };
		7C09CE72241FA7AD00506FD5 /* InteractorOutput.swift */ = {isa = PBXFileReference; lastKnownFileType = sourcecode.swift; path = InteractorOutput.swift; sourceTree = "<group>"; };
		7C09CE77241FA7DB00506FD5 /* RouterInput.swift */ = {isa = PBXFileReference; lastKnownFileType = sourcecode.swift; path = RouterInput.swift; sourceTree = "<group>"; };
		7C09CE79241FA7EC00506FD5 /* Router.swift */ = {isa = PBXFileReference; lastKnownFileType = sourcecode.swift; path = Router.swift; sourceTree = "<group>"; };
		7C09CE7B241FA8DA00506FD5 /* VIPERStoryboard.storyboard */ = {isa = PBXFileReference; lastKnownFileType = file.storyboard; path = VIPERStoryboard.storyboard; sourceTree = "<group>"; };
		7C09CE7D241FAB7B00506FD5 /* VIPERAssembly.swift */ = {isa = PBXFileReference; lastKnownFileType = sourcecode.swift; path = VIPERAssembly.swift; sourceTree = "<group>"; };
		7C09CE81241FAD4000506FD5 /* MainViewController.swift */ = {isa = PBXFileReference; lastKnownFileType = sourcecode.swift; path = MainViewController.swift; sourceTree = "<group>"; };
		7C09CE83241FAD4A00506FD5 /* MainViewPresenter.swift */ = {isa = PBXFileReference; lastKnownFileType = sourcecode.swift; path = MainViewPresenter.swift; sourceTree = "<group>"; };
		7C09CE85241FADAD00506FD5 /* MainView.swift */ = {isa = PBXFileReference; lastKnownFileType = sourcecode.swift; path = MainView.swift; sourceTree = "<group>"; };
		7C09CE87241FB29D00506FD5 /* MainModuleAssembly.swift */ = {isa = PBXFileReference; lastKnownFileType = sourcecode.swift; path = MainModuleAssembly.swift; sourceTree = "<group>"; };
/* End PBXFileReference section */

/* Begin PBXFrameworksBuildPhase section */
		7C03F7AB241F9D78009204A1 /* Frameworks */ = {
			isa = PBXFrameworksBuildPhase;
			buildActionMask = 2147483647;
			files = (
			);
			runOnlyForDeploymentPostprocessing = 0;
		};
/* End PBXFrameworksBuildPhase section */

/* Begin PBXGroup section */
		7C03F7A5241F9D78009204A1 = {
			isa = PBXGroup;
			children = (
				7C03F7B0241F9D78009204A1 /* PatternsLesson */,
				7C03F7AF241F9D78009204A1 /* Products */,
			);
			sourceTree = "<group>";
		};
		7C03F7AF241F9D78009204A1 /* Products */ = {
			isa = PBXGroup;
			children = (
				7C03F7AE241F9D78009204A1 /* PatternsLesson.app */,
			);
			name = Products;
			sourceTree = "<group>";
		};
		7C03F7B0241F9D78009204A1 /* PatternsLesson */ = {
			isa = PBXGroup;
			children = (
				7C03F7B1241F9D78009204A1 /* AppDelegate.swift */,
				7C03F7B3241F9D78009204A1 /* SceneDelegate.swift */,
				7C03F7C8241F9DED009204A1 /* DataManager.swift */,
				7C09CE64241FA6A900506FD5 /* VIPER */,
				7C03F7C5241F9D9B009204A1 /* MVP */,
				7C09CE5B241FA2E400506FD5 /* MVVM */,
				7C03F7BA241F9D79009204A1 /* Assets.xcassets */,
				7C03F7BC241F9D79009204A1 /* LaunchScreen.storyboard */,
				7C03F7BF241F9D79009204A1 /* Info.plist */,
			);
			path = PatternsLesson;
			sourceTree = "<group>";
		};
		7C03F7C5241F9D9B009204A1 /* MVP */ = {
			isa = PBXGroup;
			children = (
				7C09CE80241FAD1E00506FD5 /* Code MVP */,
				7C09CE7F241FAD1600506FD5 /* Storyboard MVP */,
			);
			path = MVP;
			sourceTree = "<group>";
		};
		7C09CE57241FA10F00506FD5 /* View */ = {
			isa = PBXGroup;
			children = (
				7C03F7B5241F9D78009204A1 /* MVPViewController.swift */,
				7C09CE55241F9F2000506FD5 /* MVPViewOutput.swift */,
				7C09CE53241F9F0200506FD5 /* MVPViewInput.swift */,
			);
			path = View;
			sourceTree = "<group>";
		};
		7C09CE58241FA11500506FD5 /* Presenter */ = {
			isa = PBXGroup;
			children = (
				7C03F7C6241F9DD4009204A1 /* MVPPresenter.swift */,
			);
			path = Presenter;
			sourceTree = "<group>";
		};
		7C09CE5B241FA2E400506FD5 /* MVVM */ = {
			isa = PBXGroup;
			children = (
				7C09CE60241FA32500506FD5 /* ViewModel.swift */,
				7C09CE5E241FA30D00506FD5 /* MVVMViewController.swift */,
				7C09CE5C241FA2F500506FD5 /* MVVMStoryboard.storyboard */,
				7C09CE62241FA57200506FD5 /* MVVMAssembly.swift */,
			);
			path = MVVM;
			sourceTree = "<group>";
		};
		7C09CE64241FA6A900506FD5 /* VIPER */ = {
			isa = PBXGroup;
			children = (
				7C09CE6B241FA78100506FD5 /* View */,
				7C09CE75241FA7BA00506FD5 /* Presenter */,
				7C09CE74241FA7B000506FD5 /* Interactor */,
				7C09CE76241FA7C200506FD5 /* Router */,
				7C09CE7D241FAB7B00506FD5 /* VIPERAssembly.swift */,
			);
			path = VIPER;
			sourceTree = "<group>";
		};
		7C09CE6B241FA78100506FD5 /* View */ = {
			isa = PBXGroup;
			children = (
				7C09CE65241FA6B500506FD5 /* ViperViewController.swift */,
				7C09CE67241FA6C400506FD5 /* ViperViewInput.swift */,
				7C09CE69241FA6CE00506FD5 /* ViperViewOutput.swift */,
				7C09CE7B241FA8DA00506FD5 /* VIPERStoryboard.storyboard */,
			);
			path = View;
			sourceTree = "<group>";
		};
		7C09CE74241FA7B000506FD5 /* Interactor */ = {
			isa = PBXGroup;
			children = (
				7C09CE6E241FA79800506FD5 /* Interactor.swift */,
				7C09CE70241FA7A500506FD5 /* InteractorInput.swift */,
				7C09CE72241FA7AD00506FD5 /* InteractorOutput.swift */,
			);
			path = Interactor;
			sourceTree = "<group>";
		};
		7C09CE75241FA7BA00506FD5 /* Presenter */ = {
			isa = PBXGroup;
			children = (
				7C09CE6C241FA78E00506FD5 /* ViperPresenter.swift */,
			);
			path = Presenter;
			sourceTree = "<group>";
		};
		7C09CE76241FA7C200506FD5 /* Router */ = {
			isa = PBXGroup;
			children = (
				7C09CE77241FA7DB00506FD5 /* RouterInput.swift */,
				7C09CE79241FA7EC00506FD5 /* Router.swift */,
			);
			path = Router;
			sourceTree = "<group>";
		};
		7C09CE7F241FAD1600506FD5 /* Storyboard MVP */ = {
			isa = PBXGroup;
			children = (
				7C09CE58241FA11500506FD5 /* Presenter */,
				7C09CE57241FA10F00506FD5 /* View */,
				7C03F7B7241F9D78009204A1 /* Main.storyboard */,
				7C09CE59241FA14A00506FD5 /* MVPAssembly.swift */,
			);
			path = "Storyboard MVP";
			sourceTree = "<group>";
		};
		7C09CE80241FAD1E00506FD5 /* Code MVP */ = {
			isa = PBXGroup;
			children = (
				7C09CE81241FAD4000506FD5 /* MainViewController.swift */,
				7C09CE83241FAD4A00506FD5 /* MainViewPresenter.swift */,
				7C09CE85241FADAD00506FD5 /* MainView.swift */,
				7C09CE87241FB29D00506FD5 /* MainModuleAssembly.swift */,
			);
			path = "Code MVP";
			sourceTree = "<group>";
		};
/* End PBXGroup section */

/* Begin PBXNativeTarget section */
		7C03F7AD241F9D78009204A1 /* PatternsLesson */ = {
			isa = PBXNativeTarget;
			buildConfigurationList = 7C03F7C2241F9D79009204A1 /* Build configuration list for PBXNativeTarget "PatternsLesson" */;
			buildPhases = (
				7C03F7AA241F9D78009204A1 /* Sources */,
				7C03F7AB241F9D78009204A1 /* Frameworks */,
				7C03F7AC241F9D78009204A1 /* Resources */,
			);
			buildRules = (
			);
			dependencies = (
			);
			name = PatternsLesson;
			productName = PatternsLesson;
			productReference = 7C03F7AE241F9D78009204A1 /* PatternsLesson.app */;
			productType = "com.apple.product-type.application";
		};
/* End PBXNativeTarget section */

/* Begin PBXProject section */
		7C03F7A6241F9D78009204A1 /* Project object */ = {
			isa = PBXProject;
			attributes = {
				LastSwiftUpdateCheck = 1130;
				LastUpgradeCheck = 1130;
				ORGANIZATIONNAME = "Ildar Zalyalov";
				TargetAttributes = {
					7C03F7AD241F9D78009204A1 = {
						CreatedOnToolsVersion = 11.3.1;
					};
				};
			};
			buildConfigurationList = 7C03F7A9241F9D78009204A1 /* Build configuration list for PBXProject "PatternsLesson" */;
			compatibilityVersion = "Xcode 9.3";
			developmentRegion = en;
			hasScannedForEncodings = 0;
			knownRegions = (
				en,
				Base,
			);
			mainGroup = 7C03F7A5241F9D78009204A1;
			productRefGroup = 7C03F7AF241F9D78009204A1 /* Products */;
			projectDirPath = "";
			projectRoot = "";
			targets = (
				7C03F7AD241F9D78009204A1 /* PatternsLesson */,
			);
		};
/* End PBXProject section */

/* Begin PBXResourcesBuildPhase section */
		7C03F7AC241F9D78009204A1 /* Resources */ = {
			isa = PBXResourcesBuildPhase;
			buildActionMask = 2147483647;
			files = (
				7C03F7BE241F9D79009204A1 /* LaunchScreen.storyboard in Resources */,
				7C03F7BB241F9D79009204A1 /* Assets.xcassets in Resources */,
				7C03F7B9241F9D78009204A1 /* Main.storyboard in Resources */,
				7C09CE7C241FA8DA00506FD5 /* VIPERStoryboard.storyboard in Resources */,
				7C09CE5D241FA2F500506FD5 /* MVVMStoryboard.storyboard in Resources */,
			);
			runOnlyForDeploymentPostprocessing = 0;
		};
/* End PBXResourcesBuildPhase section */

/* Begin PBXSourcesBuildPhase section */
		7C03F7AA241F9D78009204A1 /* Sources */ = {
			isa = PBXSourcesBuildPhase;
			buildActionMask = 2147483647;
			files = (
				7C09CE6A241FA6CE00506FD5 /* ViperViewOutput.swift in Sources */,
				7C09CE86241FADAD00506FD5 /* MainView.swift in Sources */,
				7C09CE82241FAD4000506FD5 /* MainViewController.swift in Sources */,
				7C09CE61241FA32500506FD5 /* ViewModel.swift in Sources */,
				7C09CE7E241FAB7B00506FD5 /* VIPERAssembly.swift in Sources */,
				7C09CE78241FA7DB00506FD5 /* RouterInput.swift in Sources */,
				7C03F7C7241F9DD4009204A1 /* MVPPresenter.swift in Sources */,
				7C09CE73241FA7AD00506FD5 /* InteractorOutput.swift in Sources */,
				7C03F7C9241F9DED009204A1 /* DataManager.swift in Sources */,
				7C03F7B6241F9D78009204A1 /* MVPViewController.swift in Sources */,
				7C09CE84241FAD4A00506FD5 /* MainViewPresenter.swift in Sources */,
				7C09CE71241FA7A500506FD5 /* InteractorInput.swift in Sources */,
				7C03F7B2241F9D78009204A1 /* AppDelegate.swift in Sources */,
				7C09CE6F241FA79800506FD5 /* Interactor.swift in Sources */,
				7C03F7B4241F9D78009204A1 /* SceneDelegate.swift in Sources */,
				7C09CE63241FA57200506FD5 /* MVVMAssembly.swift in Sources */,
				7C09CE7A241FA7EC00506FD5 /* Router.swift in Sources */,
				7C09CE68241FA6C400506FD5 /* ViperViewInput.swift in Sources */,
				7C09CE5F241FA30D00506FD5 /* MVVMViewController.swift in Sources */,
				7C09CE56241F9F2000506FD5 /* MVPViewOutput.swift in Sources */,
				7C09CE88241FB29D00506FD5 /* MainModuleAssembly.swift in Sources */,
				7C09CE6D241FA78E00506FD5 /* ViperPresenter.swift in Sources */,
				7C09CE66241FA6B500506FD5 /* ViperViewController.swift in Sources */,
				7C09CE54241F9F0200506FD5 /* MVPViewInput.swift in Sources */,
				7C09CE5A241FA14A00506FD5 /* MVPAssembly.swift in Sources */,
			);
			runOnlyForDeploymentPostprocessing = 0;
		};
/* End PBXSourcesBuildPhase section */

/* Begin PBXVariantGroup section */
		7C03F7B7241F9D78009204A1 /* Main.storyboard */ = {
			isa = PBXVariantGroup;
			children = (
				7C03F7B8241F9D78009204A1 /* Base */,
			);
			name = Main.storyboard;
			sourceTree = "<group>";
		};
		7C03F7BC241F9D79009204A1 /* LaunchScreen.storyboard */ = {
			isa = PBXVariantGroup;
			children = (
				7C03F7BD241F9D79009204A1 /* Base */,
			);
			name = LaunchScreen.storyboard;
			sourceTree = "<group>";
		};
/* End PBXVariantGroup section */

/* Begin XCBuildConfiguration section */
		7C03F7C0241F9D79009204A1 /* Debug */ = {
			isa = XCBuildConfiguration;
			buildSettings = {
				ALWAYS_SEARCH_USER_PATHS = NO;
				CLANG_ANALYZER_NONNULL = YES;
				CLANG_ANALYZER_NUMBER_OBJECT_CONVERSION = YES_AGGRESSIVE;
				CLANG_CXX_LANGUAGE_STANDARD = "gnu++14";
				CLANG_CXX_LIBRARY = "libc++";
				CLANG_ENABLE_MODULES = YES;
				CLANG_ENABLE_OBJC_ARC = YES;
				CLANG_ENABLE_OBJC_WEAK = YES;
				CLANG_WARN_BLOCK_CAPTURE_AUTORELEASING = YES;
				CLANG_WARN_BOOL_CONVERSION = YES;
				CLANG_WARN_COMMA = YES;
				CLANG_WARN_CONSTANT_CONVERSION = YES;
				CLANG_WARN_DEPRECATED_OBJC_IMPLEMENTATIONS = YES;
				CLANG_WARN_DIRECT_OBJC_ISA_USAGE = YES_ERROR;
				CLANG_WARN_DOCUMENTATION_COMMENTS = YES;
				CLANG_WARN_EMPTY_BODY = YES;
				CLANG_WARN_ENUM_CONVERSION = YES;
				CLANG_WARN_INFINITE_RECURSION = YES;
				CLANG_WARN_INT_CONVERSION = YES;
				CLANG_WARN_NON_LITERAL_NULL_CONVERSION = YES;
				CLANG_WARN_OBJC_IMPLICIT_RETAIN_SELF = YES;
				CLANG_WARN_OBJC_LITERAL_CONVERSION = YES;
				CLANG_WARN_OBJC_ROOT_CLASS = YES_ERROR;
				CLANG_WARN_RANGE_LOOP_ANALYSIS = YES;
				CLANG_WARN_STRICT_PROTOTYPES = YES;
				CLANG_WARN_SUSPICIOUS_MOVE = YES;
				CLANG_WARN_UNGUARDED_AVAILABILITY = YES_AGGRESSIVE;
				CLANG_WARN_UNREACHABLE_CODE = YES;
				CLANG_WARN__DUPLICATE_METHOD_MATCH = YES;
				COPY_PHASE_STRIP = NO;
				DEBUG_INFORMATION_FORMAT = dwarf;
				ENABLE_STRICT_OBJC_MSGSEND = YES;
				ENABLE_TESTABILITY = YES;
				GCC_C_LANGUAGE_STANDARD = gnu11;
				GCC_DYNAMIC_NO_PIC = NO;
				GCC_NO_COMMON_BLOCKS = YES;
				GCC_OPTIMIZATION_LEVEL = 0;
				GCC_PREPROCESSOR_DEFINITIONS = (
					"DEBUG=1",
					"$(inherited)",
				);
				GCC_WARN_64_TO_32_BIT_CONVERSION = YES;
				GCC_WARN_ABOUT_RETURN_TYPE = YES_ERROR;
				GCC_WARN_UNDECLARED_SELECTOR = YES;
				GCC_WARN_UNINITIALIZED_AUTOS = YES_AGGRESSIVE;
				GCC_WARN_UNUSED_FUNCTION = YES;
				GCC_WARN_UNUSED_VARIABLE = YES;
				IPHONEOS_DEPLOYMENT_TARGET = 13.2;
				MTL_ENABLE_DEBUG_INFO = INCLUDE_SOURCE;
				MTL_FAST_MATH = YES;
				ONLY_ACTIVE_ARCH = YES;
				SDKROOT = iphoneos;
				SWIFT_ACTIVE_COMPILATION_CONDITIONS = DEBUG;
				SWIFT_OPTIMIZATION_LEVEL = "-Onone";
			};
			name = Debug;
		};
		7C03F7C1241F9D79009204A1 /* Release */ = {
			isa = XCBuildConfiguration;
			buildSettings = {
				ALWAYS_SEARCH_USER_PATHS = NO;
				CLANG_ANALYZER_NONNULL = YES;
				CLANG_ANALYZER_NUMBER_OBJECT_CONVERSION = YES_AGGRESSIVE;
				CLANG_CXX_LANGUAGE_STANDARD = "gnu++14";
				CLANG_CXX_LIBRARY = "libc++";
				CLANG_ENABLE_MODULES = YES;
				CLANG_ENABLE_OBJC_ARC = YES;
				CLANG_ENABLE_OBJC_WEAK = YES;
				CLANG_WARN_BLOCK_CAPTURE_AUTORELEASING = YES;
				CLANG_WARN_BOOL_CONVERSION = YES;
				CLANG_WARN_COMMA = YES;
				CLANG_WARN_CONSTANT_CONVERSION = YES;
				CLANG_WARN_DEPRECATED_OBJC_IMPLEMENTATIONS = YES;
				CLANG_WARN_DIRECT_OBJC_ISA_USAGE = YES_ERROR;
				CLANG_WARN_DOCUMENTATION_COMMENTS = YES;
				CLANG_WARN_EMPTY_BODY = YES;
				CLANG_WARN_ENUM_CONVERSION = YES;
				CLANG_WARN_INFINITE_RECURSION = YES;
				CLANG_WARN_INT_CONVERSION = YES;
				CLANG_WARN_NON_LITERAL_NULL_CONVERSION = YES;
				CLANG_WARN_OBJC_IMPLICIT_RETAIN_SELF = YES;
				CLANG_WARN_OBJC_LITERAL_CONVERSION = YES;
				CLANG_WARN_OBJC_ROOT_CLASS = YES_ERROR;
				CLANG_WARN_RANGE_LOOP_ANALYSIS = YES;
				CLANG_WARN_STRICT_PROTOTYPES = YES;
				CLANG_WARN_SUSPICIOUS_MOVE = YES;
				CLANG_WARN_UNGUARDED_AVAILABILITY = YES_AGGRESSIVE;
				CLANG_WARN_UNREACHABLE_CODE = YES;
				CLANG_WARN__DUPLICATE_METHOD_MATCH = YES;
				COPY_PHASE_STRIP = NO;
				DEBUG_INFORMATION_FORMAT = "dwarf-with-dsym";
				ENABLE_NS_ASSERTIONS = NO;
				ENABLE_STRICT_OBJC_MSGSEND = YES;
				GCC_C_LANGUAGE_STANDARD = gnu11;
				GCC_NO_COMMON_BLOCKS = YES;
				GCC_WARN_64_TO_32_BIT_CONVERSION = YES;
				GCC_WARN_ABOUT_RETURN_TYPE = YES_ERROR;
				GCC_WARN_UNDECLARED_SELECTOR = YES;
				GCC_WARN_UNINITIALIZED_AUTOS = YES_AGGRESSIVE;
				GCC_WARN_UNUSED_FUNCTION = YES;
				GCC_WARN_UNUSED_VARIABLE = YES;
				IPHONEOS_DEPLOYMENT_TARGET = 13.2;
				MTL_ENABLE_DEBUG_INFO = NO;
				MTL_FAST_MATH = YES;
				SDKROOT = iphoneos;
				SWIFT_COMPILATION_MODE = wholemodule;
				SWIFT_OPTIMIZATION_LEVEL = "-O";
				VALIDATE_PRODUCT = YES;
			};
			name = Release;
		};
		7C03F7C3241F9D79009204A1 /* Debug */ = {
			isa = XCBuildConfiguration;
			buildSettings = {
				ASSETCATALOG_COMPILER_APPICON_NAME = AppIcon;
				CODE_SIGN_STYLE = Automatic;
				INFOPLIST_FILE = PatternsLesson/Info.plist;
				LD_RUNPATH_SEARCH_PATHS = (
					"$(inherited)",
					"@executable_path/Frameworks",
				);
				PRODUCT_BUNDLE_IDENTIFIER = com.PatternsLesson;
				PRODUCT_NAME = "$(TARGET_NAME)";
				SWIFT_VERSION = 5.0;
				TARGETED_DEVICE_FAMILY = "1,2";
			};
			name = Debug;
		};
		7C03F7C4241F9D79009204A1 /* Release */ = {
			isa = XCBuildConfiguration;
			buildSettings = {
				ASSETCATALOG_COMPILER_APPICON_NAME = AppIcon;
				CODE_SIGN_STYLE = Automatic;
				INFOPLIST_FILE = PatternsLesson/Info.plist;
				LD_RUNPATH_SEARCH_PATHS = (
					"$(inherited)",
					"@executable_path/Frameworks",
				);
				PRODUCT_BUNDLE_IDENTIFIER = com.PatternsLesson;
				PRODUCT_NAME = "$(TARGET_NAME)";
				SWIFT_VERSION = 5.0;
				TARGETED_DEVICE_FAMILY = "1,2";
			};
			name = Release;
		};
/* End XCBuildConfiguration section */

/* Begin XCConfigurationList section */
		7C03F7A9241F9D78009204A1 /* Build configuration list for PBXProject "PatternsLesson" */ = {
			isa = XCConfigurationList;
			buildConfigurations = (
				7C03F7C0241F9D79009204A1 /* Debug */,
				7C03F7C1241F9D79009204A1 /* Release */,
			);
			defaultConfigurationIsVisible = 0;
			defaultConfigurationName = Release;
		};
		7C03F7C2241F9D79009204A1 /* Build configuration list for PBXNativeTarget "PatternsLesson" */ = {
			isa = XCConfigurationList;
			buildConfigurations = (
				7C03F7C3241F9D79009204A1 /* Debug */,
				7C03F7C4241F9D79009204A1 /* Release */,
			);
			defaultConfigurationIsVisible = 0;
			defaultConfigurationName = Release;
		};
/* End XCConfigurationList section */
	};
	rootObject = 7C03F7A6241F9D78009204A1 /* Project object */;
}
